
Microsoft Visual Studio Solution File, Format Version 12.00
# Visual Studio Version 16
VisualStudioVersion = 16.0.30225.117
MinimumVisualStudioVersion = 10.0.40219.1
Project("{FAE04EC0-301F-11D3-BF4B-00C04F79EFBC}") = "PedidosFarmacia", "PedidosFarmacia.csproj", "{46C2C297-AAE8-41DC-A733-8ACA60455672}"
EndProject
Global
	GlobalSection(SolutionConfigurationPlatforms) = preSolution
		Debug|Any CPU = Debug|Any CPU
		Release|Any CPU = Release|Any CPU
	EndGlobalSection
	GlobalSection(ProjectConfigurationPlatforms) = postSolution
		{46C2C297-AAE8-41DC-A733-8ACA60455672}.Debug|Any CPU.ActiveCfg = Debug|Any CPU
		{46C2C297-AAE8-41DC-A733-8ACA60455672}.Debug|Any CPU.Build.0 = Debug|Any CPU
		{46C2C297-AAE8-41DC-A733-8ACA60455672}.Release|Any CPU.ActiveCfg = Release|Any CPU
		{46C2C297-AAE8-41DC-A733-8ACA60455672}.Release|Any CPU.Build.0 = Release|Any CPU
	EndGlobalSection
	GlobalSection(SolutionProperties) = preSolution
		HideSolutionNode = FALSE
	EndGlobalSection
	GlobalSection(ExtensibilityGlobals) = postSolution
		SolutionGuid = {96A81811-E182-4753-BDE7-CFC19C05EB68}
	EndGlobalSection
EndGlobal
